
Microsoft Visual Studio Solution File, Format Version 12.00
# Visual Studio Version 16
VisualStudioVersion = 16.0.30413.136
MinimumVisualStudioVersion = 10.0.40219.1
Project("{9A19103F-16F7-4668-BE54-9A1E7A4F7556}") = "assignment1", "assignment1\assignment1.csproj", "{5B943692-28F8-41F6-AF1A-B5220C04AA21}"
EndProject
Project("{9A19103F-16F7-4668-BE54-9A1E7A4F7556}") = "assignment2", "assignment2\assignment2.csproj", "{BFEB259C-130B-4165-91F4-BE2A13E6E62D}"
EndProject
Project("{FAE04EC0-301F-11D3-BF4B-00C04F79EFBC}") = "assignment3", "assignment3\assignment3.csproj", "{EA0E08F0-F87F-4E20-9FE9-6D120920224D}"
EndProject
Global
	GlobalSection(SolutionConfigurationPlatforms) = preSolution
		Debug|Any CPU = Debug|Any CPU
		Release|Any CPU = Release|Any CPU
	EndGlobalSection
	GlobalSection(ProjectConfigurationPlatforms) = postSolution
		{5B943692-28F8-41F6-AF1A-B5220C04AA21}.Debug|Any CPU.ActiveCfg = Debug|Any CPU
		{5B943692-28F8-41F6-AF1A-B5220C04AA21}.Debug|Any CPU.Build.0 = Debug|Any CPU
		{5B943692-28F8-41F6-AF1A-B5220C04AA21}.Release|Any CPU.ActiveCfg = Release|Any CPU
		{5B943692-28F8-41F6-AF1A-B5220C04AA21}.Release|Any CPU.Build.0 = Release|Any CPU
		{BFEB259C-130B-4165-91F4-BE2A13E6E62D}.Debug|Any CPU.ActiveCfg = Debug|Any CPU
		{BFEB259C-130B-4165-91F4-BE2A13E6E62D}.Debug|Any CPU.Build.0 = Debug|Any CPU
		{BFEB259C-130B-4165-91F4-BE2A13E6E62D}.Release|Any CPU.ActiveCfg = Release|Any CPU
		{BFEB259C-130B-4165-91F4-BE2A13E6E62D}.Release|Any CPU.Build.0 = Release|Any CPU
		{EA0E08F0-F87F-4E20-9FE9-6D120920224D}.Debug|Any CPU.ActiveCfg = Debug|Any CPU
		{EA0E08F0-F87F-4E20-9FE9-6D120920224D}.Debug|Any CPU.Build.0 = Debug|Any CPU
		{EA0E08F0-F87F-4E20-9FE9-6D120920224D}.Release|Any CPU.ActiveCfg = Release|Any CPU
		{EA0E08F0-F87F-4E20-9FE9-6D120920224D}.Release|Any CPU.Build.0 = Release|Any CPU
	EndGlobalSection
	GlobalSection(SolutionProperties) = preSolution
		HideSolutionNode = FALSE
	EndGlobalSection
	GlobalSection(ExtensibilityGlobals) = postSolution
		SolutionGuid = {5498DDC7-C876-4730-AEA8-A2E18134D42D}
	EndGlobalSection
EndGlobal
